
Microsoft Visual Studio Solution File, Format Version 12.00
# Visual Studio Version 17
VisualStudioVersion = 17.5.33516.290
MinimumVisualStudioVersion = 10.0.40219.1
Project("{FAE04EC0-301F-11D3-BF4B-00C04F79EFBC}") = "WebApplication1", "WebApplication1\WebApplication1.csproj", "{F5787B4B-F7D4-4DE8-8705-88AA1A4BEA3A}"
EndProject
Global
	GlobalSection(SolutionConfigurationPlatforms) = preSolution
		Debug|Any CPU = Debug|Any CPU
		Release|Any CPU = Release|Any CPU
	EndGlobalSection
	GlobalSection(ProjectConfigurationPlatforms) = postSolution
		{F5787B4B-F7D4-4DE8-8705-88AA1A4BEA3A}.Debug|Any CPU.ActiveCfg = Debug|Any CPU
		{F5787B4B-F7D4-4DE8-8705-88AA1A4BEA3A}.Debug|Any CPU.Build.0 = Debug|Any CPU
		{F5787B4B-F7D4-4DE8-8705-88AA1A4BEA3A}.Release|Any CPU.ActiveCfg = Release|Any CPU
		{F5787B4B-F7D4-4DE8-8705-88AA1A4BEA3A}.Release|Any CPU.Build.0 = Release|Any CPU
	EndGlobalSection
	GlobalSection(SolutionProperties) = preSolution
		HideSolutionNode = FALSE
	EndGlobalSection
	GlobalSection(ExtensibilityGlobals) = postSolution
		SolutionGuid = {D5732819-35B1-4A68-A3CF-C539A38822CF}
	EndGlobalSection
EndGlobal
